// !$*UTF8*$!
{
	archiveVersion = 1;
	classes = {
	};
	objectVersion = 56;
	objects = {

/* Begin PBXBuildFile section */
		069D6EE029C547C400DF1FE2 /* AppDelegate.swift in Sources */ = {isa = PBXBuildFile; fileRef = 069D6EDF29C547C400DF1FE2 /* AppDelegate.swift */; };
		069D6EE929C547C400DF1FE2 /* Assets.xcassets in Resources */ = {isa = PBXBuildFile; fileRef = 069D6EE829C547C400DF1FE2 /* Assets.xcassets */; };
		069D6EEC29C547C400DF1FE2 /* LaunchScreen.storyboard in Resources */ = {isa = PBXBuildFile; fileRef = 069D6EEA29C547C400DF1FE2 /* LaunchScreen.storyboard */; };
		069D6EF629C54FD900DF1FE2 /* Localizable.strings in Resources */ = {isa = PBXBuildFile; fileRef = 069D6EF829C54FD900DF1FE2 /* Localizable.strings */; };
		069D6EFC29C562EE00DF1FE2 /* String+.swift in Sources */ = {isa = PBXBuildFile; fileRef = 069D6EFB29C562EE00DF1FE2 /* String+.swift */; };
		069D6EFE29C5632900DF1FE2 /* Collection+.swift in Sources */ = {isa = PBXBuildFile; fileRef = 069D6EFD29C5632900DF1FE2 /* Collection+.swift */; };
		069D6F0429C56B9600DF1FE2 /* NibInitable.swift in Sources */ = {isa = PBXBuildFile; fileRef = 069D6F0329C56B9600DF1FE2 /* NibInitable.swift */; };
		069D6F0629C56BC400DF1FE2 /* AnyBudleable.swift in Sources */ = {isa = PBXBuildFile; fileRef = 069D6F0529C56BC400DF1FE2 /* AnyBudleable.swift */; };
		069D6F0929C56FEF00DF1FE2 /* TabBarItem.swift in Sources */ = {isa = PBXBuildFile; fileRef = 069D6F0829C56FEF00DF1FE2 /* TabBarItem.swift */; };
		069D6F0C29C57B9700DF1FE2 /* MainTabBarController.swift in Sources */ = {isa = PBXBuildFile; fileRef = 069D6F0B29C57B9700DF1FE2 /* MainTabBarController.swift */; };
		069D6F1429C57DB600DF1FE2 /* TodayViewController.swift in Sources */ = {isa = PBXBuildFile; fileRef = 069D6F1229C57DB600DF1FE2 /* TodayViewController.swift */; };
		069D6F1529C57DB600DF1FE2 /* TodayViewController.xib in Resources */ = {isa = PBXBuildFile; fileRef = 069D6F1329C57DB600DF1FE2 /* TodayViewController.xib */; };
		069D6F1A29C57DE000DF1FE2 /* GameViewController.swift in Sources */ = {isa = PBXBuildFile; fileRef = 069D6F1829C57DE000DF1FE2 /* GameViewController.swift */; };
		069D6F1B29C57DE000DF1FE2 /* GameViewController.xib in Resources */ = {isa = PBXBuildFile; fileRef = 069D6F1929C57DE000DF1FE2 /* GameViewController.xib */; };
		069D6F1E29C57DEB00DF1FE2 /* AppViewController.swift in Sources */ = {isa = PBXBuildFile; fileRef = 069D6F1C29C57DEB00DF1FE2 /* AppViewController.swift */; };
		069D6F1F29C57DEB00DF1FE2 /* AppViewController.xib in Resources */ = {isa = PBXBuildFile; fileRef = 069D6F1D29C57DEB00DF1FE2 /* AppViewController.xib */; };
		069D6F2229C57DF800DF1FE2 /* ArcadeViewController.swift in Sources */ = {isa = PBXBuildFile; fileRef = 069D6F2029C57DF800DF1FE2 /* ArcadeViewController.swift */; };
		069D6F2329C57DF800DF1FE2 /* ArcadeViewController.xib in Resources */ = {isa = PBXBuildFile; fileRef = 069D6F2129C57DF800DF1FE2 /* ArcadeViewController.xib */; };
		069D6F2629C57E0800DF1FE2 /* SearchViewController.swift in Sources */ = {isa = PBXBuildFile; fileRef = 069D6F2429C57E0800DF1FE2 /* SearchViewController.swift */; };
		069D6F2729C57E0800DF1FE2 /* SearchViewController.xib in Resources */ = {isa = PBXBuildFile; fileRef = 069D6F2529C57E0800DF1FE2 /* SearchViewController.xib */; };
		069D6F2C29C591CF00DF1FE2 /* SearchResult.swift in Sources */ = {isa = PBXBuildFile; fileRef = 069D6F2B29C591CF00DF1FE2 /* SearchResult.swift */; };
		069D6F3029C59F5800DF1FE2 /* RecentSearchAdapter.swift in Sources */ = {isa = PBXBuildFile; fileRef = 069D6F2F29C59F5800DF1FE2 /* RecentSearchAdapter.swift */; };
		069D6F3429C5A2B100DF1FE2 /* SearchHistoryCollectionViewCell.swift in Sources */ = {isa = PBXBuildFile; fileRef = 069D6F3229C5A2B100DF1FE2 /* SearchHistoryCollectionViewCell.swift */; };
		069D6F3529C5A2B100DF1FE2 /* SearchHistoryCollectionViewCell.xib in Resources */ = {isa = PBXBuildFile; fileRef = 069D6F3329C5A2B100DF1FE2 /* SearchHistoryCollectionViewCell.xib */; };
		069D6F3729C5A58600DF1FE2 /* Registrable.swift in Sources */ = {isa = PBXBuildFile; fileRef = 069D6F3629C5A58600DF1FE2 /* Registrable.swift */; };
		069D6F3929C5A6A500DF1FE2 /* AnyNameable.swift in Sources */ = {isa = PBXBuildFile; fileRef = 069D6F3829C5A6A500DF1FE2 /* AnyNameable.swift */; };
		069D6F3C29C5A8EC00DF1FE2 /* SearchResultViewController.swift in Sources */ = {isa = PBXBuildFile; fileRef = 069D6F3A29C5A8EC00DF1FE2 /* SearchResultViewController.swift */; };
		069D6F3D29C5A8EC00DF1FE2 /* SearchResultViewController.xib in Resources */ = {isa = PBXBuildFile; fileRef = 069D6F3B29C5A8EC00DF1FE2 /* SearchResultViewController.xib */; };
		069D6F4029C5AB7F00DF1FE2 /* EmptyStateCollectionViewCell.swift in Sources */ = {isa = PBXBuildFile; fileRef = 069D6F3E29C5AB7F00DF1FE2 /* EmptyStateCollectionViewCell.swift */; };
		069D6F4129C5AB7F00DF1FE2 /* EmptyStateCollectionViewCell.xib in Resources */ = {isa = PBXBuildFile; fileRef = 069D6F3F29C5AB7F00DF1FE2 /* EmptyStateCollectionViewCell.xib */; };
		069D6F4329C5F76A00DF1FE2 /* SearchViewModel.swift in Sources */ = {isa = PBXBuildFile; fileRef = 069D6F4229C5F76A00DF1FE2 /* SearchViewModel.swift */; };
		069D6F4629C5FF6500DF1FE2 /* KeywordModel.swift in Sources */ = {isa = PBXBuildFile; fileRef = 069D6F4529C5FF6500DF1FE2 /* KeywordModel.swift */; };
		069D6F4829C6002C00DF1FE2 /* RecentKeywordManager.swift in Sources */ = {isa = PBXBuildFile; fileRef = 069D6F4729C6002C00DF1FE2 /* RecentKeywordManager.swift */; };
		069D6F4B29C602FA00DF1FE2 /* Session.swift in Sources */ = {isa = PBXBuildFile; fileRef = 069D6F4A29C602FA00DF1FE2 /* Session.swift */; };
		069D6F4D29C60C6000DF1FE2 /* Date+.swift in Sources */ = {isa = PBXBuildFile; fileRef = 069D6F4C29C60C6000DF1FE2 /* Date+.swift */; };
/* End PBXBuildFile section */

/* Begin PBXFileReference section */
		069D6EDC29C547C400DF1FE2 /* AppStore.app */ = {isa = PBXFileReference; explicitFileType = wrapper.application; includeInIndex = 0; path = AppStore.app; sourceTree = BUILT_PRODUCTS_DIR; };
		069D6EDF29C547C400DF1FE2 /* AppDelegate.swift */ = {isa = PBXFileReference; lastKnownFileType = sourcecode.swift; path = AppDelegate.swift; sourceTree = "<group>"; };
		069D6EE829C547C400DF1FE2 /* Assets.xcassets */ = {isa = PBXFileReference; lastKnownFileType = folder.assetcatalog; path = Assets.xcassets; sourceTree = "<group>"; };
		069D6EEB29C547C400DF1FE2 /* Base */ = {isa = PBXFileReference; lastKnownFileType = file.storyboard; name = Base; path = Base.lproj/LaunchScreen.storyboard; sourceTree = "<group>"; };
		069D6EED29C547C400DF1FE2 /* Info.plist */ = {isa = PBXFileReference; lastKnownFileType = text.plist.xml; path = Info.plist; sourceTree = "<group>"; };
		069D6EF729C54FD900DF1FE2 /* en */ = {isa = PBXFileReference; lastKnownFileType = text.plist.strings; name = en; path = en.lproj/Localizable.strings; sourceTree = "<group>"; };
		069D6EF929C561C100DF1FE2 /* ko */ = {isa = PBXFileReference; lastKnownFileType = text.plist.strings; name = ko; path = ko.lproj/Localizable.strings; sourceTree = "<group>"; };
		069D6EFB29C562EE00DF1FE2 /* String+.swift */ = {isa = PBXFileReference; lastKnownFileType = sourcecode.swift; path = "String+.swift"; sourceTree = "<group>"; };
		069D6EFD29C5632900DF1FE2 /* Collection+.swift */ = {isa = PBXFileReference; lastKnownFileType = sourcecode.swift; path = "Collection+.swift"; sourceTree = "<group>"; };
		069D6F0329C56B9600DF1FE2 /* NibInitable.swift */ = {isa = PBXFileReference; lastKnownFileType = sourcecode.swift; path = NibInitable.swift; sourceTree = "<group>"; };
		069D6F0529C56BC400DF1FE2 /* AnyBudleable.swift */ = {isa = PBXFileReference; lastKnownFileType = sourcecode.swift; path = AnyBudleable.swift; sourceTree = "<group>"; };
		069D6F0829C56FEF00DF1FE2 /* TabBarItem.swift */ = {isa = PBXFileReference; lastKnownFileType = sourcecode.swift; path = TabBarItem.swift; sourceTree = "<group>"; };
		069D6F0B29C57B9700DF1FE2 /* MainTabBarController.swift */ = {isa = PBXFileReference; lastKnownFileType = sourcecode.swift; path = MainTabBarController.swift; sourceTree = "<group>"; };
		069D6F1229C57DB600DF1FE2 /* TodayViewController.swift */ = {isa = PBXFileReference; lastKnownFileType = sourcecode.swift; path = TodayViewController.swift; sourceTree = "<group>"; };
		069D6F1329C57DB600DF1FE2 /* TodayViewController.xib */ = {isa = PBXFileReference; lastKnownFileType = file.xib; path = TodayViewController.xib; sourceTree = "<group>"; };
		069D6F1829C57DE000DF1FE2 /* GameViewController.swift */ = {isa = PBXFileReference; lastKnownFileType = sourcecode.swift; path = GameViewController.swift; sourceTree = "<group>"; };
		069D6F1929C57DE000DF1FE2 /* GameViewController.xib */ = {isa = PBXFileReference; lastKnownFileType = file.xib; path = GameViewController.xib; sourceTree = "<group>"; };
		069D6F1C29C57DEB00DF1FE2 /* AppViewController.swift */ = {isa = PBXFileReference; lastKnownFileType = sourcecode.swift; path = AppViewController.swift; sourceTree = "<group>"; };
		069D6F1D29C57DEB00DF1FE2 /* AppViewController.xib */ = {isa = PBXFileReference; lastKnownFileType = file.xib; path = AppViewController.xib; sourceTree = "<group>"; };
		069D6F2029C57DF800DF1FE2 /* ArcadeViewController.swift */ = {isa = PBXFileReference; lastKnownFileType = sourcecode.swift; path = ArcadeViewController.swift; sourceTree = "<group>"; };
		069D6F2129C57DF800DF1FE2 /* ArcadeViewController.xib */ = {isa = PBXFileReference; lastKnownFileType = file.xib; path = ArcadeViewController.xib; sourceTree = "<group>"; };
		069D6F2429C57E0800DF1FE2 /* SearchViewController.swift */ = {isa = PBXFileReference; lastKnownFileType = sourcecode.swift; path = SearchViewController.swift; sourceTree = "<group>"; };
		069D6F2529C57E0800DF1FE2 /* SearchViewController.xib */ = {isa = PBXFileReference; lastKnownFileType = file.xib; path = SearchViewController.xib; sourceTree = "<group>"; };
		069D6F2B29C591CF00DF1FE2 /* SearchResult.swift */ = {isa = PBXFileReference; lastKnownFileType = sourcecode.swift; path = SearchResult.swift; sourceTree = "<group>"; };
		069D6F2F29C59F5800DF1FE2 /* RecentSearchAdapter.swift */ = {isa = PBXFileReference; lastKnownFileType = sourcecode.swift; path = RecentSearchAdapter.swift; sourceTree = "<group>"; };
		069D6F3229C5A2B100DF1FE2 /* SearchHistoryCollectionViewCell.swift */ = {isa = PBXFileReference; lastKnownFileType = sourcecode.swift; path = SearchHistoryCollectionViewCell.swift; sourceTree = "<group>"; };
		069D6F3329C5A2B100DF1FE2 /* SearchHistoryCollectionViewCell.xib */ = {isa = PBXFileReference; lastKnownFileType = file.xib; path = SearchHistoryCollectionViewCell.xib; sourceTree = "<group>"; };
		069D6F3629C5A58600DF1FE2 /* Registrable.swift */ = {isa = PBXFileReference; lastKnownFileType = sourcecode.swift; path = Registrable.swift; sourceTree = "<group>"; };
		069D6F3829C5A6A500DF1FE2 /* AnyNameable.swift */ = {isa = PBXFileReference; lastKnownFileType = sourcecode.swift; path = AnyNameable.swift; sourceTree = "<group>"; };
		069D6F3A29C5A8EC00DF1FE2 /* SearchResultViewController.swift */ = {isa = PBXFileReference; lastKnownFileType = sourcecode.swift; path = SearchResultViewController.swift; sourceTree = "<group>"; };
		069D6F3B29C5A8EC00DF1FE2 /* SearchResultViewController.xib */ = {isa = PBXFileReference; lastKnownFileType = file.xib; path = SearchResultViewController.xib; sourceTree = "<group>"; };
		069D6F3E29C5AB7F00DF1FE2 /* EmptyStateCollectionViewCell.swift */ = {isa = PBXFileReference; lastKnownFileType = sourcecode.swift; path = EmptyStateCollectionViewCell.swift; sourceTree = "<group>"; };
		069D6F3F29C5AB7F00DF1FE2 /* EmptyStateCollectionViewCell.xib */ = {isa = PBXFileReference; lastKnownFileType = file.xib; path = EmptyStateCollectionViewCell.xib; sourceTree = "<group>"; };
		069D6F4229C5F76A00DF1FE2 /* SearchViewModel.swift */ = {isa = PBXFileReference; lastKnownFileType = sourcecode.swift; path = SearchViewModel.swift; sourceTree = "<group>"; };
		069D6F4529C5FF6500DF1FE2 /* KeywordModel.swift */ = {isa = PBXFileReference; lastKnownFileType = sourcecode.swift; path = KeywordModel.swift; sourceTree = "<group>"; };
		069D6F4729C6002C00DF1FE2 /* RecentKeywordManager.swift */ = {isa = PBXFileReference; lastKnownFileType = sourcecode.swift; path = RecentKeywordManager.swift; sourceTree = "<group>"; };
		069D6F4A29C602FA00DF1FE2 /* Session.swift */ = {isa = PBXFileReference; lastKnownFileType = sourcecode.swift; path = Session.swift; sourceTree = "<group>"; };
		069D6F4C29C60C6000DF1FE2 /* Date+.swift */ = {isa = PBXFileReference; lastKnownFileType = sourcecode.swift; path = "Date+.swift"; sourceTree = "<group>"; };
/* End PBXFileReference section */

/* Begin PBXFrameworksBuildPhase section */
		069D6ED929C547C400DF1FE2 /* Frameworks */ = {
			isa = PBXFrameworksBuildPhase;
			buildActionMask = 2147483647;
			files = (
			);
			runOnlyForDeploymentPostprocessing = 0;
		};
/* End PBXFrameworksBuildPhase section */

/* Begin PBXGroup section */
		069D6ED329C547C400DF1FE2 = {
			isa = PBXGroup;
			children = (
				069D6EDE29C547C400DF1FE2 /* AppStore */,
				069D6EDD29C547C400DF1FE2 /* Products */,
			);
			sourceTree = "<group>";
		};
		069D6EDD29C547C400DF1FE2 /* Products */ = {
			isa = PBXGroup;
			children = (
				069D6EDC29C547C400DF1FE2 /* AppStore.app */,
			);
			name = Products;
			sourceTree = "<group>";
		};
		069D6EDE29C547C400DF1FE2 /* AppStore */ = {
			isa = PBXGroup;
			children = (
				069D6F4929C601A100DF1FE2 /* Common */,
				069D6F2829C581A800DF1FE2 /* Network */,
				069D6F0729C56FAE00DF1FE2 /* Modules */,
				069D6EFA29C562D900DF1FE2 /* Extensions */,
				069D6EDF29C547C400DF1FE2 /* AppDelegate.swift */,
				069D6EF329C54F6600DF1FE2 /* SupportingFiles */,
				069D6EEA29C547C400DF1FE2 /* LaunchScreen.storyboard */,
				069D6EED29C547C400DF1FE2 /* Info.plist */,
			);
			path = AppStore;
			sourceTree = "<group>";
		};
		069D6EF329C54F6600DF1FE2 /* SupportingFiles */ = {
			isa = PBXGroup;
			children = (
				069D6EE829C547C400DF1FE2 /* Assets.xcassets */,
				069D6EF829C54FD900DF1FE2 /* Localizable.strings */,
			);
			path = SupportingFiles;
			sourceTree = "<group>";
		};
		069D6EFA29C562D900DF1FE2 /* Extensions */ = {
			isa = PBXGroup;
			children = (
				069D6EFB29C562EE00DF1FE2 /* String+.swift */,
				069D6EFD29C5632900DF1FE2 /* Collection+.swift */,
				069D6F0329C56B9600DF1FE2 /* NibInitable.swift */,
				069D6F0529C56BC400DF1FE2 /* AnyBudleable.swift */,
				069D6F3629C5A58600DF1FE2 /* Registrable.swift */,
				069D6F3829C5A6A500DF1FE2 /* AnyNameable.swift */,
				069D6F4C29C60C6000DF1FE2 /* Date+.swift */,
			);
			path = Extensions;
			sourceTree = "<group>";
		};
		069D6F0729C56FAE00DF1FE2 /* Modules */ = {
			isa = PBXGroup;
			children = (
				069D6F0D29C57D0900DF1FE2 /* Today */,
				069D6F0E29C57D1400DF1FE2 /* Game */,
				069D6F0F29C57D1E00DF1FE2 /* App */,
				069D6F1029C57D2400DF1FE2 /* Arcade */,
				069D6F1129C57D3500DF1FE2 /* SearchModule */,
				069D6F0A29C57B7000DF1FE2 /* TabBar */,
			);
			path = Modules;
			sourceTree = "<group>";
		};
		069D6F0A29C57B7000DF1FE2 /* TabBar */ = {
			isa = PBXGroup;
			children = (
				069D6F0829C56FEF00DF1FE2 /* TabBarItem.swift */,
				069D6F0B29C57B9700DF1FE2 /* MainTabBarController.swift */,
			);
			path = TabBar;
			sourceTree = "<group>";
		};
		069D6F0D29C57D0900DF1FE2 /* Today */ = {
			isa = PBXGroup;
			children = (
				069D6F1229C57DB600DF1FE2 /* TodayViewController.swift */,
				069D6F1329C57DB600DF1FE2 /* TodayViewController.xib */,
			);
			path = Today;
			sourceTree = "<group>";
		};
		069D6F0E29C57D1400DF1FE2 /* Game */ = {
			isa = PBXGroup;
			children = (
				069D6F1829C57DE000DF1FE2 /* GameViewController.swift */,
				069D6F1929C57DE000DF1FE2 /* GameViewController.xib */,
			);
			path = Game;
			sourceTree = "<group>";
		};
		069D6F0F29C57D1E00DF1FE2 /* App */ = {
			isa = PBXGroup;
			children = (
				069D6F1C29C57DEB00DF1FE2 /* AppViewController.swift */,
				069D6F1D29C57DEB00DF1FE2 /* AppViewController.xib */,
			);
			path = App;
			sourceTree = "<group>";
		};
		069D6F1029C57D2400DF1FE2 /* Arcade */ = {
			isa = PBXGroup;
			children = (
				069D6F2029C57DF800DF1FE2 /* ArcadeViewController.swift */,
				069D6F2129C57DF800DF1FE2 /* ArcadeViewController.xib */,
			);
			path = Arcade;
			sourceTree = "<group>";
		};
		069D6F1129C57D3500DF1FE2 /* SearchModule */ = {
			isa = PBXGroup;
			children = (
				069D6F4429C5FF4D00DF1FE2 /* RecentKeyword */,
				069D6F2D29C5981E00DF1FE2 /* SearchMain */,
				069D6F2E29C5983000DF1FE2 /* SearchResult */,
			);
			path = SearchModule;
			sourceTree = "<group>";
		};
		069D6F2829C581A800DF1FE2 /* Network */ = {
			isa = PBXGroup;
			children = (
				069D6F2A29C591BE00DF1FE2 /* Model */,
			);
			path = Network;
			sourceTree = "<group>";
		};
		069D6F2A29C591BE00DF1FE2 /* Model */ = {
			isa = PBXGroup;
			children = (
				069D6F2B29C591CF00DF1FE2 /* SearchResult.swift */,
			);
			path = Model;
			sourceTree = "<group>";
		};
		069D6F2D29C5981E00DF1FE2 /* SearchMain */ = {
			isa = PBXGroup;
			children = (
				069D6F3129C5A1F400DF1FE2 /* Views */,
				069D6F2429C57E0800DF1FE2 /* SearchViewController.swift */,
				069D6F2529C57E0800DF1FE2 /* SearchViewController.xib */,
				069D6F2F29C59F5800DF1FE2 /* RecentSearchAdapter.swift */,
				069D6F4229C5F76A00DF1FE2 /* SearchViewModel.swift */,
			);
			path = SearchMain;
			sourceTree = "<group>";
		};
		069D6F2E29C5983000DF1FE2 /* SearchResult */ = {
			isa = PBXGroup;
			children = (
				069D6F3A29C5A8EC00DF1FE2 /* SearchResultViewController.swift */,
				069D6F3B29C5A8EC00DF1FE2 /* SearchResultViewController.xib */,
			);
			path = SearchResult;
			sourceTree = "<group>";
		};
		069D6F3129C5A1F400DF1FE2 /* Views */ = {
			isa = PBXGroup;
			children = (
				069D6F3229C5A2B100DF1FE2 /* SearchHistoryCollectionViewCell.swift */,
				069D6F3329C5A2B100DF1FE2 /* SearchHistoryCollectionViewCell.xib */,
				069D6F3E29C5AB7F00DF1FE2 /* EmptyStateCollectionViewCell.swift */,
				069D6F3F29C5AB7F00DF1FE2 /* EmptyStateCollectionViewCell.xib */,
			);
			path = Views;
			sourceTree = "<group>";
		};
		069D6F4429C5FF4D00DF1FE2 /* RecentKeyword */ = {
			isa = PBXGroup;
			children = (
				069D6F4529C5FF6500DF1FE2 /* KeywordModel.swift */,
				069D6F4729C6002C00DF1FE2 /* RecentKeywordManager.swift */,
			);
			path = RecentKeyword;
			sourceTree = "<group>";
		};
		069D6F4929C601A100DF1FE2 /* Common */ = {
			isa = PBXGroup;
			children = (
				069D6F4A29C602FA00DF1FE2 /* Session.swift */,
			);
			path = Common;
			sourceTree = "<group>";
		};
/* End PBXGroup section */

/* Begin PBXNativeTarget section */
		069D6EDB29C547C400DF1FE2 /* AppStore */ = {
			isa = PBXNativeTarget;
			buildConfigurationList = 069D6EF029C547C400DF1FE2 /* Build configuration list for PBXNativeTarget "AppStore" */;
			buildPhases = (
				069D6ED829C547C400DF1FE2 /* Sources */,
				069D6ED929C547C400DF1FE2 /* Frameworks */,
				069D6EDA29C547C400DF1FE2 /* Resources */,
			);
			buildRules = (
			);
			dependencies = (
			);
			name = AppStore;
			productName = AppStore;
			productReference = 069D6EDC29C547C400DF1FE2 /* AppStore.app */;
			productType = "com.apple.product-type.application";
		};
/* End PBXNativeTarget section */

/* Begin PBXProject section */
		069D6ED429C547C400DF1FE2 /* Project object */ = {
			isa = PBXProject;
			attributes = {
				BuildIndependentTargetsInParallel = 1;
				LastSwiftUpdateCheck = 1420;
				LastUpgradeCheck = 1420;
				TargetAttributes = {
					069D6EDB29C547C400DF1FE2 = {
						CreatedOnToolsVersion = 14.2;
					};
				};
			};
			buildConfigurationList = 069D6ED729C547C400DF1FE2 /* Build configuration list for PBXProject "AppStore" */;
			compatibilityVersion = "Xcode 14.0";
			developmentRegion = en;
			hasScannedForEncodings = 0;
			knownRegions = (
				en,
				Base,
				ko,
			);
			mainGroup = 069D6ED329C547C400DF1FE2;
			productRefGroup = 069D6EDD29C547C400DF1FE2 /* Products */;
			projectDirPath = "";
			projectRoot = "";
			targets = (
				069D6EDB29C547C400DF1FE2 /* AppStore */,
			);
		};
/* End PBXProject section */

/* Begin PBXResourcesBuildPhase section */
		069D6EDA29C547C400DF1FE2 /* Resources */ = {
			isa = PBXResourcesBuildPhase;
			buildActionMask = 2147483647;
			files = (
				069D6F2329C57DF800DF1FE2 /* ArcadeViewController.xib in Resources */,
				069D6F1529C57DB600DF1FE2 /* TodayViewController.xib in Resources */,
				069D6EEC29C547C400DF1FE2 /* LaunchScreen.storyboard in Resources */,
				069D6F1F29C57DEB00DF1FE2 /* AppViewController.xib in Resources */,
				069D6F3529C5A2B100DF1FE2 /* SearchHistoryCollectionViewCell.xib in Resources */,
				069D6F3D29C5A8EC00DF1FE2 /* SearchResultViewController.xib in Resources */,
				069D6F4129C5AB7F00DF1FE2 /* EmptyStateCollectionViewCell.xib in Resources */,
				069D6F1B29C57DE000DF1FE2 /* GameViewController.xib in Resources */,
				069D6F2729C57E0800DF1FE2 /* SearchViewController.xib in Resources */,
				069D6EF629C54FD900DF1FE2 /* Localizable.strings in Resources */,
				069D6EE929C547C400DF1FE2 /* Assets.xcassets in Resources */,
			);
			runOnlyForDeploymentPostprocessing = 0;
		};
/* End PBXResourcesBuildPhase section */

/* Begin PBXSourcesBuildPhase section */
		069D6ED829C547C400DF1FE2 /* Sources */ = {
			isa = PBXSourcesBuildPhase;
			buildActionMask = 2147483647;
			files = (
				069D6F3729C5A58600DF1FE2 /* Registrable.swift in Sources */,
				069D6F1A29C57DE000DF1FE2 /* GameViewController.swift in Sources */,
				069D6F3929C5A6A500DF1FE2 /* AnyNameable.swift in Sources */,
				069D6EFE29C5632900DF1FE2 /* Collection+.swift in Sources */,
				069D6F3029C59F5800DF1FE2 /* RecentSearchAdapter.swift in Sources */,
				069D6F4029C5AB7F00DF1FE2 /* EmptyStateCollectionViewCell.swift in Sources */,
				069D6F4329C5F76A00DF1FE2 /* SearchViewModel.swift in Sources */,
				069D6F4629C5FF6500DF1FE2 /* KeywordModel.swift in Sources */,
				069D6EE029C547C400DF1FE2 /* AppDelegate.swift in Sources */,
				069D6F1429C57DB600DF1FE2 /* TodayViewController.swift in Sources */,
				069D6F3429C5A2B100DF1FE2 /* SearchHistoryCollectionViewCell.swift in Sources */,
				069D6F1E29C57DEB00DF1FE2 /* AppViewController.swift in Sources */,
				069D6F0C29C57B9700DF1FE2 /* MainTabBarController.swift in Sources */,
				069D6F3C29C5A8EC00DF1FE2 /* SearchResultViewController.swift in Sources */,
				069D6EFC29C562EE00DF1FE2 /* String+.swift in Sources */,
				069D6F4D29C60C6000DF1FE2 /* Date+.swift in Sources */,
				069D6F2C29C591CF00DF1FE2 /* SearchResult.swift in Sources */,
				069D6F0429C56B9600DF1FE2 /* NibInitable.swift in Sources */,
				069D6F2629C57E0800DF1FE2 /* SearchViewController.swift in Sources */,
				069D6F2229C57DF800DF1FE2 /* ArcadeViewController.swift in Sources */,
				069D6F4B29C602FA00DF1FE2 /* Session.swift in Sources */,
				069D6F0929C56FEF00DF1FE2 /* TabBarItem.swift in Sources */,
				069D6F4829C6002C00DF1FE2 /* RecentKeywordManager.swift in Sources */,
				069D6F0629C56BC400DF1FE2 /* AnyBudleable.swift in Sources */,
			);
			runOnlyForDeploymentPostprocessing = 0;
		};
/* End PBXSourcesBuildPhase section */

/* Begin PBXVariantGroup section */
		069D6EEA29C547C400DF1FE2 /* LaunchScreen.storyboard */ = {
			isa = PBXVariantGroup;
			children = (
				069D6EEB29C547C400DF1FE2 /* Base */,
			);
			name = LaunchScreen.storyboard;
			sourceTree = "<group>";
		};
		069D6EF829C54FD900DF1FE2 /* Localizable.strings */ = {
			isa = PBXVariantGroup;
			children = (
				069D6EF729C54FD900DF1FE2 /* en */,
				069D6EF929C561C100DF1FE2 /* ko */,
			);
			name = Localizable.strings;
			sourceTree = "<group>";
		};
/* End PBXVariantGroup section */

/* Begin XCBuildConfiguration section */
		069D6EEE29C547C400DF1FE2 /* Debug */ = {
			isa = XCBuildConfiguration;
			buildSettings = {
				ALWAYS_SEARCH_USER_PATHS = NO;
				CLANG_ANALYZER_LOCALIZABILITY_NONLOCALIZED = YES;
				CLANG_ANALYZER_NONNULL = YES;
				CLANG_ANALYZER_NUMBER_OBJECT_CONVERSION = YES_AGGRESSIVE;
				CLANG_CXX_LANGUAGE_STANDARD = "gnu++20";
				CLANG_ENABLE_MODULES = YES;
				CLANG_ENABLE_OBJC_ARC = YES;
				CLANG_ENABLE_OBJC_WEAK = YES;
				CLANG_WARN_BLOCK_CAPTURE_AUTORELEASING = YES;
				CLANG_WARN_BOOL_CONVERSION = YES;
				CLANG_WARN_COMMA = YES;
				CLANG_WARN_CONSTANT_CONVERSION = YES;
				CLANG_WARN_DEPRECATED_OBJC_IMPLEMENTATIONS = YES;
				CLANG_WARN_DIRECT_OBJC_ISA_USAGE = YES_ERROR;
				CLANG_WARN_DOCUMENTATION_COMMENTS = YES;
				CLANG_WARN_EMPTY_BODY = YES;
				CLANG_WARN_ENUM_CONVERSION = YES;
				CLANG_WARN_INFINITE_RECURSION = YES;
				CLANG_WARN_INT_CONVERSION = YES;
				CLANG_WARN_NON_LITERAL_NULL_CONVERSION = YES;
				CLANG_WARN_OBJC_IMPLICIT_RETAIN_SELF = YES;
				CLANG_WARN_OBJC_LITERAL_CONVERSION = YES;
				CLANG_WARN_OBJC_ROOT_CLASS = YES_ERROR;
				CLANG_WARN_QUOTED_INCLUDE_IN_FRAMEWORK_HEADER = YES;
				CLANG_WARN_RANGE_LOOP_ANALYSIS = YES;
				CLANG_WARN_STRICT_PROTOTYPES = YES;
				CLANG_WARN_SUSPICIOUS_MOVE = YES;
				CLANG_WARN_UNGUARDED_AVAILABILITY = YES_AGGRESSIVE;
				CLANG_WARN_UNREACHABLE_CODE = YES;
				CLANG_WARN__DUPLICATE_METHOD_MATCH = YES;
				COPY_PHASE_STRIP = NO;
				DEBUG_INFORMATION_FORMAT = dwarf;
				ENABLE_STRICT_OBJC_MSGSEND = YES;
				ENABLE_TESTABILITY = YES;
				GCC_C_LANGUAGE_STANDARD = gnu11;
				GCC_DYNAMIC_NO_PIC = NO;
				GCC_NO_COMMON_BLOCKS = YES;
				GCC_OPTIMIZATION_LEVEL = 0;
				GCC_PREPROCESSOR_DEFINITIONS = (
					"DEBUG=1",
					"$(inherited)",
				);
				GCC_WARN_64_TO_32_BIT_CONVERSION = YES;
				GCC_WARN_ABOUT_RETURN_TYPE = YES_ERROR;
				GCC_WARN_UNDECLARED_SELECTOR = YES;
				GCC_WARN_UNINITIALIZED_AUTOS = YES_AGGRESSIVE;
				GCC_WARN_UNUSED_FUNCTION = YES;
				GCC_WARN_UNUSED_VARIABLE = YES;
				IPHONEOS_DEPLOYMENT_TARGET = 13.0;
				MTL_ENABLE_DEBUG_INFO = INCLUDE_SOURCE;
				MTL_FAST_MATH = YES;
				ONLY_ACTIVE_ARCH = YES;
				SDKROOT = iphoneos;
				SWIFT_ACTIVE_COMPILATION_CONDITIONS = DEBUG;
				SWIFT_OPTIMIZATION_LEVEL = "-Onone";
			};
			name = Debug;
		};
		069D6EEF29C547C400DF1FE2 /* Release */ = {
			isa = XCBuildConfiguration;
			buildSettings = {
				ALWAYS_SEARCH_USER_PATHS = NO;
				CLANG_ANALYZER_LOCALIZABILITY_NONLOCALIZED = YES;
				CLANG_ANALYZER_NONNULL = YES;
				CLANG_ANALYZER_NUMBER_OBJECT_CONVERSION = YES_AGGRESSIVE;
				CLANG_CXX_LANGUAGE_STANDARD = "gnu++20";
				CLANG_ENABLE_MODULES = YES;
				CLANG_ENABLE_OBJC_ARC = YES;
				CLANG_ENABLE_OBJC_WEAK = YES;
				CLANG_WARN_BLOCK_CAPTURE_AUTORELEASING = YES;
				CLANG_WARN_BOOL_CONVERSION = YES;
				CLANG_WARN_COMMA = YES;
				CLANG_WARN_CONSTANT_CONVERSION = YES;
				CLANG_WARN_DEPRECATED_OBJC_IMPLEMENTATIONS = YES;
				CLANG_WARN_DIRECT_OBJC_ISA_USAGE = YES_ERROR;
				CLANG_WARN_DOCUMENTATION_COMMENTS = YES;
				CLANG_WARN_EMPTY_BODY = YES;
				CLANG_WARN_ENUM_CONVERSION = YES;
				CLANG_WARN_INFINITE_RECURSION = YES;
				CLANG_WARN_INT_CONVERSION = YES;
				CLANG_WARN_NON_LITERAL_NULL_CONVERSION = YES;
				CLANG_WARN_OBJC_IMPLICIT_RETAIN_SELF = YES;
				CLANG_WARN_OBJC_LITERAL_CONVERSION = YES;
				CLANG_WARN_OBJC_ROOT_CLASS = YES_ERROR;
				CLANG_WARN_QUOTED_INCLUDE_IN_FRAMEWORK_HEADER = YES;
				CLANG_WARN_RANGE_LOOP_ANALYSIS = YES;
				CLANG_WARN_STRICT_PROTOTYPES = YES;
				CLANG_WARN_SUSPICIOUS_MOVE = YES;
				CLANG_WARN_UNGUARDED_AVAILABILITY = YES_AGGRESSIVE;
				CLANG_WARN_UNREACHABLE_CODE = YES;
				CLANG_WARN__DUPLICATE_METHOD_MATCH = YES;
				COPY_PHASE_STRIP = NO;
				DEBUG_INFORMATION_FORMAT = "dwarf-with-dsym";
				ENABLE_NS_ASSERTIONS = NO;
				ENABLE_STRICT_OBJC_MSGSEND = YES;
				GCC_C_LANGUAGE_STANDARD = gnu11;
				GCC_NO_COMMON_BLOCKS = YES;
				GCC_WARN_64_TO_32_BIT_CONVERSION = YES;
				GCC_WARN_ABOUT_RETURN_TYPE = YES_ERROR;
				GCC_WARN_UNDECLARED_SELECTOR = YES;
				GCC_WARN_UNINITIALIZED_AUTOS = YES_AGGRESSIVE;
				GCC_WARN_UNUSED_FUNCTION = YES;
				GCC_WARN_UNUSED_VARIABLE = YES;
				IPHONEOS_DEPLOYMENT_TARGET = 13.0;
				MTL_ENABLE_DEBUG_INFO = NO;
				MTL_FAST_MATH = YES;
				SDKROOT = iphoneos;
				SWIFT_COMPILATION_MODE = wholemodule;
				SWIFT_OPTIMIZATION_LEVEL = "-O";
				VALIDATE_PRODUCT = YES;
			};
			name = Release;
		};
		069D6EF129C547C400DF1FE2 /* Debug */ = {
			isa = XCBuildConfiguration;
			buildSettings = {
				ASSETCATALOG_COMPILER_APPICON_NAME = AppIcon;
				ASSETCATALOG_COMPILER_GLOBAL_ACCENT_COLOR_NAME = AccentColor;
				CODE_SIGN_STYLE = Automatic;
				CURRENT_PROJECT_VERSION = 1;
				DEVELOPMENT_TEAM = 4WAJS5YV8W;
				GENERATE_INFOPLIST_FILE = YES;
				INFOPLIST_FILE = AppStore/Info.plist;
				INFOPLIST_KEY_UIApplicationSupportsIndirectInputEvents = YES;
				INFOPLIST_KEY_UILaunchStoryboardName = LaunchScreen;
				INFOPLIST_KEY_UIStatusBarStyle = "";
				INFOPLIST_KEY_UISupportedInterfaceOrientations = UIInterfaceOrientationPortrait;
				INFOPLIST_KEY_UISupportedInterfaceOrientations_iPad = "UIInterfaceOrientationLandscapeLeft UIInterfaceOrientationLandscapeRight UIInterfaceOrientationPortrait UIInterfaceOrientationPortraitUpsideDown";
				IPHONEOS_DEPLOYMENT_TARGET = 13.0;
				LD_RUNPATH_SEARCH_PATHS = (
					"$(inherited)",
					"@executable_path/Frameworks",
				);
				MARKETING_VERSION = 1.0;
				PRODUCT_BUNDLE_IDENTIFIER = com.kakaobank.assignment.AppStore;
				PRODUCT_NAME = "$(TARGET_NAME)";
				SUPPORTED_PLATFORMS = "iphoneos iphonesimulator";
				SUPPORTS_MACCATALYST = NO;
				SUPPORTS_MAC_DESIGNED_FOR_IPHONE_IPAD = NO;
				SWIFT_EMIT_LOC_STRINGS = YES;
				SWIFT_VERSION = 5.0;
				TARGETED_DEVICE_FAMILY = 1;
			};
			name = Debug;
		};
		069D6EF229C547C400DF1FE2 /* Release */ = {
			isa = XCBuildConfiguration;
			buildSettings = {
				ASSETCATALOG_COMPILER_APPICON_NAME = AppIcon;
				ASSETCATALOG_COMPILER_GLOBAL_ACCENT_COLOR_NAME = AccentColor;
				CODE_SIGN_STYLE = Automatic;
				CURRENT_PROJECT_VERSION = 1;
				DEVELOPMENT_TEAM = 4WAJS5YV8W;
				GENERATE_INFOPLIST_FILE = YES;
				INFOPLIST_FILE = AppStore/Info.plist;
				INFOPLIST_KEY_UIApplicationSupportsIndirectInputEvents = YES;
				INFOPLIST_KEY_UILaunchStoryboardName = LaunchScreen;
				INFOPLIST_KEY_UIStatusBarStyle = "";
				INFOPLIST_KEY_UISupportedInterfaceOrientations = UIInterfaceOrientationPortrait;
				INFOPLIST_KEY_UISupportedInterfaceOrientations_iPad = "UIInterfaceOrientationLandscapeLeft UIInterfaceOrientationLandscapeRight UIInterfaceOrientationPortrait UIInterfaceOrientationPortraitUpsideDown";
				IPHONEOS_DEPLOYMENT_TARGET = 13.0;
				LD_RUNPATH_SEARCH_PATHS = (
					"$(inherited)",
					"@executable_path/Frameworks",
				);
				MARKETING_VERSION = 1.0;
				PRODUCT_BUNDLE_IDENTIFIER = com.kakaobank.assignment.AppStore;
				PRODUCT_NAME = "$(TARGET_NAME)";
				SUPPORTED_PLATFORMS = "iphoneos iphonesimulator";
				SUPPORTS_MACCATALYST = NO;
				SUPPORTS_MAC_DESIGNED_FOR_IPHONE_IPAD = NO;
				SWIFT_EMIT_LOC_STRINGS = YES;
				SWIFT_VERSION = 5.0;
				TARGETED_DEVICE_FAMILY = 1;
			};
			name = Release;
		};
/* End XCBuildConfiguration section */

/* Begin XCConfigurationList section */
		069D6ED729C547C400DF1FE2 /* Build configuration list for PBXProject "AppStore" */ = {
			isa = XCConfigurationList;
			buildConfigurations = (
				069D6EEE29C547C400DF1FE2 /* Debug */,
				069D6EEF29C547C400DF1FE2 /* Release */,
			);
			defaultConfigurationIsVisible = 0;
			defaultConfigurationName = Release;
		};
		069D6EF029C547C400DF1FE2 /* Build configuration list for PBXNativeTarget "AppStore" */ = {
			isa = XCConfigurationList;
			buildConfigurations = (
				069D6EF129C547C400DF1FE2 /* Debug */,
				069D6EF229C547C400DF1FE2 /* Release */,
			);
			defaultConfigurationIsVisible = 0;
			defaultConfigurationName = Release;
		};
/* End XCConfigurationList section */
	};
	rootObject = 069D6ED429C547C400DF1FE2 /* Project object */;
}
